
Microsoft Visual Studio Solution File, Format Version 12.00
Project("{2150E333-8FDC-42A3-9474-1A3956D46DE8}") = "src", "src", "{919AF6BD-8A8D-415D-BB1B-C88EF2EBF737}"
EndProject
Project("{2150E333-8FDC-42A3-9474-1A3956D46DE8}") = "UI", "UI", "{7892DEB0-357F-405D-A2B6-4783DB044564}"
EndProject
Project("{2150E333-8FDC-42A3-9474-1A3956D46DE8}") = "test", "test", "{58BE3D0F-23CF-4635-8FD6-63F02D8B6D94}"
EndProject
Project("{2150E333-8FDC-42A3-9474-1A3956D46DE8}") = "Core", "Core", "{D6DD8A71-7D33-4842-B4CC-BE9C7F4713A7}"
EndProject
Project("{2150E333-8FDC-42A3-9474-1A3956D46DE8}") = "Infrastructure", "Infrastructure", "{67097032-B9FB-4C31-9ED6-29B245DC61E6}"
EndProject
Project("{2150E333-8FDC-42A3-9474-1A3956D46DE8}") = "API", "API", "{0443A2E1-D0D8-4200-A7D7-26F02F3C7C25}"
EndProject
Global
	GlobalSection(SolutionConfigurationPlatforms) = preSolution
		Debug|Any CPU = Debug|Any CPU
		Release|Any CPU = Release|Any CPU
	EndGlobalSection
	GlobalSection(NestedProjects) = preSolution
		{7892DEB0-357F-405D-A2B6-4783DB044564} = {919AF6BD-8A8D-415D-BB1B-C88EF2EBF737}
		{D6DD8A71-7D33-4842-B4CC-BE9C7F4713A7} = {919AF6BD-8A8D-415D-BB1B-C88EF2EBF737}
		{67097032-B9FB-4C31-9ED6-29B245DC61E6} = {919AF6BD-8A8D-415D-BB1B-C88EF2EBF737}
		{0443A2E1-D0D8-4200-A7D7-26F02F3C7C25} = {919AF6BD-8A8D-415D-BB1B-C88EF2EBF737}
	EndGlobalSection
EndGlobal
